
Microsoft Visual Studio Solution File, Format Version 12.00
# Visual Studio Version 16
VisualStudioVersion = 16.0.30114.105
MinimumVisualStudioVersion = 10.0.40219.1
Project("{2150E333-8FDC-42A3-9474-1A3956D46DE8}") = "src", "src", "{EEAF05E7-5143-456C-B63A-FAE2D62257C7}"
EndProject
Project("{FAE04EC0-301F-11D3-BF4B-00C04F79EFBC}") = "Hybrid.Tenancy.Api", "src\Hybrid.Tenancy.Api\Hybrid.Tenancy.Api.csproj", "{23F34284-2733-4E15-9202-AB9E50C24647}"
EndProject
Global
	GlobalSection(SolutionConfigurationPlatforms) = preSolution
		Debug|Any CPU = Debug|Any CPU
		Release|Any CPU = Release|Any CPU
	EndGlobalSection
	GlobalSection(SolutionProperties) = preSolution
		HideSolutionNode = FALSE
	EndGlobalSection
	GlobalSection(ProjectConfigurationPlatforms) = postSolution
		{23F34284-2733-4E15-9202-AB9E50C24647}.Debug|Any CPU.ActiveCfg = Debug|Any CPU
		{23F34284-2733-4E15-9202-AB9E50C24647}.Debug|Any CPU.Build.0 = Debug|Any CPU
		{23F34284-2733-4E15-9202-AB9E50C24647}.Release|Any CPU.ActiveCfg = Release|Any CPU
		{23F34284-2733-4E15-9202-AB9E50C24647}.Release|Any CPU.Build.0 = Release|Any CPU
	EndGlobalSection
	GlobalSection(NestedProjects) = preSolution
		{23F34284-2733-4E15-9202-AB9E50C24647} = {EEAF05E7-5143-456C-B63A-FAE2D62257C7}
	EndGlobalSection
EndGlobal
